// !$*UTF8*$!
{
	archiveVersion = 1;
	classes = {
	};
	objectVersion = 50;
	objects = {

/* Begin PBXBuildFile section */
		4E660B362B432A7000E6A124 /* AppDelegate.swift in Sources */ = {isa = PBXBuildFile; fileRef = 4E660B352B432A7000E6A124 /* AppDelegate.swift */; };
		4E660B382B432A7000E6A124 /* SceneDelegate.swift in Sources */ = {isa = PBXBuildFile; fileRef = 4E660B372B432A7000E6A124 /* SceneDelegate.swift */; };
		4E660B3A2B432A7000E6A124 /* ViewController.swift in Sources */ = {isa = PBXBuildFile; fileRef = 4E660B392B432A7000E6A124 /* ViewController.swift */; };
		4E660B3D2B432A7000E6A124 /* Main.storyboard in Resources */ = {isa = PBXBuildFile; fileRef = 4E660B3B2B432A7000E6A124 /* Main.storyboard */; };
		4E660B3F2B432A7900E6A124 /* Assets.xcassets in Resources */ = {isa = PBXBuildFile; fileRef = 4E660B3E2B432A7900E6A124 /* Assets.xcassets */; };
		4E660B422B432A7900E6A124 /* LaunchScreen.storyboard in Resources */ = {isa = PBXBuildFile; fileRef = 4E660B402B432A7900E6A124 /* LaunchScreen.storyboard */; };
		4E660B4D2B432A7A00E6A124 /* CollectionView_VerticallyTests.swift in Sources */ = {isa = PBXBuildFile; fileRef = 4E660B4C2B432A7A00E6A124 /* CollectionView_VerticallyTests.swift */; };
		4E660B582B432A7A00E6A124 /* CollectionView_VerticallyUITests.swift in Sources */ = {isa = PBXBuildFile; fileRef = 4E660B572B432A7A00E6A124 /* CollectionView_VerticallyUITests.swift */; };
/* End PBXBuildFile section */

/* Begin PBXContainerItemProxy section */
		4E660B492B432A7A00E6A124 /* PBXContainerItemProxy */ = {
			isa = PBXContainerItemProxy;
			containerPortal = 4E660B2A2B432A6F00E6A124 /* Project object */;
			proxyType = 1;
			remoteGlobalIDString = 4E660B312B432A6F00E6A124;
			remoteInfo = "CollectionView Vertically";
		};
		4E660B542B432A7A00E6A124 /* PBXContainerItemProxy */ = {
			isa = PBXContainerItemProxy;
			containerPortal = 4E660B2A2B432A6F00E6A124 /* Project object */;
			proxyType = 1;
			remoteGlobalIDString = 4E660B312B432A6F00E6A124;
			remoteInfo = "CollectionView Vertically";
		};
/* End PBXContainerItemProxy section */

/* Begin PBXFileReference section */
		4E660B322B432A6F00E6A124 /* CollectionView Vertically.app */ = {isa = PBXFileReference; explicitFileType = wrapper.application; includeInIndex = 0; path = "CollectionView Vertically.app"; sourceTree = BUILT_PRODUCTS_DIR; };
		4E660B352B432A7000E6A124 /* AppDelegate.swift */ = {isa = PBXFileReference; lastKnownFileType = sourcecode.swift; path = AppDelegate.swift; sourceTree = "<group>"; };
		4E660B372B432A7000E6A124 /* SceneDelegate.swift */ = {isa = PBXFileReference; lastKnownFileType = sourcecode.swift; path = SceneDelegate.swift; sourceTree = "<group>"; };
		4E660B392B432A7000E6A124 /* ViewController.swift */ = {isa = PBXFileReference; lastKnownFileType = sourcecode.swift; path = ViewController.swift; sourceTree = "<group>"; };
		4E660B3C2B432A7000E6A124 /* Base */ = {isa = PBXFileReference; lastKnownFileType = file.storyboard; name = Base; path = Base.lproj/Main.storyboard; sourceTree = "<group>"; };
		4E660B3E2B432A7900E6A124 /* Assets.xcassets */ = {isa = PBXFileReference; lastKnownFileType = folder.assetcatalog; path = Assets.xcassets; sourceTree = "<group>"; };
		4E660B412B432A7900E6A124 /* Base */ = {isa = PBXFileReference; lastKnownFileType = file.storyboard; name = Base; path = Base.lproj/LaunchScreen.storyboard; sourceTree = "<group>"; };
		4E660B432B432A7900E6A124 /* Info.plist */ = {isa = PBXFileReference; lastKnownFileType = text.plist.xml; path = Info.plist; sourceTree = "<group>"; };
		4E660B482B432A7A00E6A124 /* CollectionView VerticallyTests.xctest */ = {isa = PBXFileReference; explicitFileType = wrapper.cfbundle; includeInIndex = 0; path = "CollectionView VerticallyTests.xctest"; sourceTree = BUILT_PRODUCTS_DIR; };
		4E660B4C2B432A7A00E6A124 /* CollectionView_VerticallyTests.swift */ = {isa = PBXFileReference; lastKnownFileType = sourcecode.swift; path = CollectionView_VerticallyTests.swift; sourceTree = "<group>"; };
		4E660B4E2B432A7A00E6A124 /* Info.plist */ = {isa = PBXFileReference; lastKnownFileType = text.plist.xml; path = Info.plist; sourceTree = "<group>"; };
		4E660B532B432A7A00E6A124 /* CollectionView VerticallyUITests.xctest */ = {isa = PBXFileReference; explicitFileType = wrapper.cfbundle; includeInIndex = 0; path = "CollectionView VerticallyUITests.xctest"; sourceTree = BUILT_PRODUCTS_DIR; };
		4E660B572B432A7A00E6A124 /* CollectionView_VerticallyUITests.swift */ = {isa = PBXFileReference; lastKnownFileType = sourcecode.swift; path = CollectionView_VerticallyUITests.swift; sourceTree = "<group>"; };
		4E660B592B432A7A00E6A124 /* Info.plist */ = {isa = PBXFileReference; lastKnownFileType = text.plist.xml; path = Info.plist; sourceTree = "<group>"; };
/* End PBXFileReference section */

/* Begin PBXFrameworksBuildPhase section */
		4E660B2F2B432A6F00E6A124 /* Frameworks */ = {
			isa = PBXFrameworksBuildPhase;
			buildActionMask = 2147483647;
			files = (
			);
			runOnlyForDeploymentPostprocessing = 0;
		};
		4E660B452B432A7A00E6A124 /* Frameworks */ = {
			isa = PBXFrameworksBuildPhase;
			buildActionMask = 2147483647;
			files = (
			);
			runOnlyForDeploymentPostprocessing = 0;
		};
		4E660B502B432A7A00E6A124 /* Frameworks */ = {
			isa = PBXFrameworksBuildPhase;
			buildActionMask = 2147483647;
			files = (
			);
			runOnlyForDeploymentPostprocessing = 0;
		};
/* End PBXFrameworksBuildPhase section */

/* Begin PBXGroup section */
		4E660B292B432A6F00E6A124 = {
			isa = PBXGroup;
			children = (
				4E660B342B432A6F00E6A124 /* CollectionView Vertically */,
				4E660B4B2B432A7A00E6A124 /* CollectionView VerticallyTests */,
				4E660B562B432A7A00E6A124 /* CollectionView VerticallyUITests */,
				4E660B332B432A6F00E6A124 /* Products */,
			);
			sourceTree = "<group>";
		};
		4E660B332B432A6F00E6A124 /* Products */ = {
			isa = PBXGroup;
			children = (
				4E660B322B432A6F00E6A124 /* CollectionView Vertically.app */,
				4E660B482B432A7A00E6A124 /* CollectionView VerticallyTests.xctest */,
				4E660B532B432A7A00E6A124 /* CollectionView VerticallyUITests.xctest */,
			);
			name = Products;
			sourceTree = "<group>";
		};
		4E660B342B432A6F00E6A124 /* CollectionView Vertically */ = {
			isa = PBXGroup;
			children = (
				4E660B352B432A7000E6A124 /* AppDelegate.swift */,
				4E660B392B432A7000E6A124 /* ViewController.swift */,
				4E660B372B432A7000E6A124 /* SceneDelegate.swift */,
				4E660B3B2B432A7000E6A124 /* Main.storyboard */,
				4E660B3E2B432A7900E6A124 /* Assets.xcassets */,
				4E660B402B432A7900E6A124 /* LaunchScreen.storyboard */,
				4E660B432B432A7900E6A124 /* Info.plist */,
			);
			path = "CollectionView Vertically";
			sourceTree = "<group>";
		};
		4E660B4B2B432A7A00E6A124 /* CollectionView VerticallyTests */ = {
			isa = PBXGroup;
			children = (
				4E660B4C2B432A7A00E6A124 /* CollectionView_VerticallyTests.swift */,
				4E660B4E2B432A7A00E6A124 /* Info.plist */,
			);
			path = "CollectionView VerticallyTests";
			sourceTree = "<group>";
		};
		4E660B562B432A7A00E6A124 /* CollectionView VerticallyUITests */ = {
			isa = PBXGroup;
			children = (
				4E660B572B432A7A00E6A124 /* CollectionView_VerticallyUITests.swift */,
				4E660B592B432A7A00E6A124 /* Info.plist */,
			);
			path = "CollectionView VerticallyUITests";
			sourceTree = "<group>";
		};
/* End PBXGroup section */

/* Begin PBXNativeTarget section */
		4E660B312B432A6F00E6A124 /* CollectionView Vertically */ = {
			isa = PBXNativeTarget;
			buildConfigurationList = 4E660B5C2B432A7A00E6A124 /* Build configuration list for PBXNativeTarget "CollectionView Vertically" */;
			buildPhases = (
				4E660B2E2B432A6F00E6A124 /* Sources */,
				4E660B2F2B432A6F00E6A124 /* Frameworks */,
				4E660B302B432A6F00E6A124 /* Resources */,
			);
			buildRules = (
			);
			dependencies = (
			);
			name = "CollectionView Vertically";
			productName = "CollectionView Vertically";
			productReference = 4E660B322B432A6F00E6A124 /* CollectionView Vertically.app */;
			productType = "com.apple.product-type.application";
		};
		4E660B472B432A7A00E6A124 /* CollectionView VerticallyTests */ = {
			isa = PBXNativeTarget;
			buildConfigurationList = 4E660B5F2B432A7A00E6A124 /* Build configuration list for PBXNativeTarget "CollectionView VerticallyTests" */;
			buildPhases = (
				4E660B442B432A7A00E6A124 /* Sources */,
				4E660B452B432A7A00E6A124 /* Frameworks */,
				4E660B462B432A7A00E6A124 /* Resources */,
			);
			buildRules = (
			);
			dependencies = (
				4E660B4A2B432A7A00E6A124 /* PBXTargetDependency */,
			);
			name = "CollectionView VerticallyTests";
			productName = "CollectionView VerticallyTests";
			productReference = 4E660B482B432A7A00E6A124 /* CollectionView VerticallyTests.xctest */;
			productType = "com.apple.product-type.bundle.unit-test";
		};
		4E660B522B432A7A00E6A124 /* CollectionView VerticallyUITests */ = {
			isa = PBXNativeTarget;
			buildConfigurationList = 4E660B622B432A7A00E6A124 /* Build configuration list for PBXNativeTarget "CollectionView VerticallyUITests" */;
			buildPhases = (
				4E660B4F2B432A7A00E6A124 /* Sources */,
				4E660B502B432A7A00E6A124 /* Frameworks */,
				4E660B512B432A7A00E6A124 /* Resources */,
			);
			buildRules = (
			);
			dependencies = (
				4E660B552B432A7A00E6A124 /* PBXTargetDependency */,
			);
			name = "CollectionView VerticallyUITests";
			productName = "CollectionView VerticallyUITests";
			productReference = 4E660B532B432A7A00E6A124 /* CollectionView VerticallyUITests.xctest */;
			productType = "com.apple.product-type.bundle.ui-testing";
		};
/* End PBXNativeTarget section */

/* Begin PBXProject section */
		4E660B2A2B432A6F00E6A124 /* Project object */ = {
			isa = PBXProject;
			attributes = {
				LastSwiftUpdateCheck = 1230;
				LastUpgradeCheck = 1230;
				TargetAttributes = {
					4E660B312B432A6F00E6A124 = {
						CreatedOnToolsVersion = 12.3;
					};
					4E660B472B432A7A00E6A124 = {
						CreatedOnToolsVersion = 12.3;
						TestTargetID = 4E660B312B432A6F00E6A124;
					};
					4E660B522B432A7A00E6A124 = {
						CreatedOnToolsVersion = 12.3;
						TestTargetID = 4E660B312B432A6F00E6A124;
					};
				};
			};
			buildConfigurationList = 4E660B2D2B432A6F00E6A124 /* Build configuration list for PBXProject "CollectionView Vertically" */;
			compatibilityVersion = "Xcode 9.3";
			developmentRegion = en;
			hasScannedForEncodings = 0;
			knownRegions = (
				en,
				Base,
			);
			mainGroup = 4E660B292B432A6F00E6A124;
			productRefGroup = 4E660B332B432A6F00E6A124 /* Products */;
			projectDirPath = "";
			projectRoot = "";
			targets = (
				4E660B312B432A6F00E6A124 /* CollectionView Vertically */,
				4E660B472B432A7A00E6A124 /* CollectionView VerticallyTests */,
				4E660B522B432A7A00E6A124 /* CollectionView VerticallyUITests */,
			);
		};
/* End PBXProject section */

/* Begin PBXResourcesBuildPhase section */
		4E660B302B432A6F00E6A124 /* Resources */ = {
			isa = PBXResourcesBuildPhase;
			buildActionMask = 2147483647;
			files = (
				4E660B422B432A7900E6A124 /* LaunchScreen.storyboard in Resources */,
				4E660B3F2B432A7900E6A124 /* Assets.xcassets in Resources */,
				4E660B3D2B432A7000E6A124 /* Main.storyboard in Resources */,
			);
			runOnlyForDeploymentPostprocessing = 0;
		};
		4E660B462B432A7A00E6A124 /* Resources */ = {
			isa = PBXResourcesBuildPhase;
			buildActionMask = 2147483647;
			files = (
			);
			runOnlyForDeploymentPostprocessing = 0;
		};
		4E660B512B432A7A00E6A124 /* Resources */ = {
			isa = PBXResourcesBuildPhase;
			buildActionMask = 2147483647;
			files = (
			);
			runOnlyForDeploymentPostprocessing = 0;
		};
/* End PBXResourcesBuildPhase section */

/* Begin PBXSourcesBuildPhase section */
		4E660B2E2B432A6F00E6A124 /* Sources */ = {
			isa = PBXSourcesBuildPhase;
			buildActionMask = 2147483647;
			files = (
				4E660B3A2B432A7000E6A124 /* ViewController.swift in Sources */,
				4E660B362B432A7000E6A124 /* AppDelegate.swift in Sources */,
				4E660B382B432A7000E6A124 /* SceneDelegate.swift in Sources */,
			);
			runOnlyForDeploymentPostprocessing = 0;
		};
		4E660B442B432A7A00E6A124 /* Sources */ = {
			isa = PBXSourcesBuildPhase;
			buildActionMask = 2147483647;
			files = (
				4E660B4D2B432A7A00E6A124 /* CollectionView_VerticallyTests.swift in Sources */,
			);
			runOnlyForDeploymentPostprocessing = 0;
		};
		4E660B4F2B432A7A00E6A124 /* Sources */ = {
			isa = PBXSourcesBuildPhase;
			buildActionMask = 2147483647;
			files = (
				4E660B582B432A7A00E6A124 /* CollectionView_VerticallyUITests.swift in Sources */,
			);
			runOnlyForDeploymentPostprocessing = 0;
		};
/* End PBXSourcesBuildPhase section */

/* Begin PBXTargetDependency section */
		4E660B4A2B432A7A00E6A124 /* PBXTargetDependency */ = {
			isa = PBXTargetDependency;
			target = 4E660B312B432A6F00E6A124 /* CollectionView Vertically */;
			targetProxy = 4E660B492B432A7A00E6A124 /* PBXContainerItemProxy */;
		};
		4E660B552B432A7A00E6A124 /* PBXTargetDependency */ = {
			isa = PBXTargetDependency;
			target = 4E660B312B432A6F00E6A124 /* CollectionView Vertically */;
			targetProxy = 4E660B542B432A7A00E6A124 /* PBXContainerItemProxy */;
		};
/* End PBXTargetDependency section */

/* Begin PBXVariantGroup section */
		4E660B3B2B432A7000E6A124 /* Main.storyboard */ = {
			isa = PBXVariantGroup;
			children = (
				4E660B3C2B432A7000E6A124 /* Base */,
			);
			name = Main.storyboard;
			sourceTree = "<group>";
		};
		4E660B402B432A7900E6A124 /* LaunchScreen.storyboard */ = {
			isa = PBXVariantGroup;
			children = (
				4E660B412B432A7900E6A124 /* Base */,
			);
			name = LaunchScreen.storyboard;
			sourceTree = "<group>";
		};
/* End PBXVariantGroup section */

/* Begin XCBuildConfiguration section */
		4E660B5A2B432A7A00E6A124 /* Debug */ = {
			isa = XCBuildConfiguration;
			buildSettings = {
				ALWAYS_SEARCH_USER_PATHS = NO;
				CLANG_ANALYZER_NONNULL = YES;
				CLANG_ANALYZER_NUMBER_OBJECT_CONVERSION = YES_AGGRESSIVE;
				CLANG_CXX_LANGUAGE_STANDARD = "gnu++14";
				CLANG_CXX_LIBRARY = "libc++";
				CLANG_ENABLE_MODULES = YES;
				CLANG_ENABLE_OBJC_ARC = YES;
				CLANG_ENABLE_OBJC_WEAK = YES;
				CLANG_WARN_BLOCK_CAPTURE_AUTORELEASING = YES;
				CLANG_WARN_BOOL_CONVERSION = YES;
				CLANG_WARN_COMMA = YES;
				CLANG_WARN_CONSTANT_CONVERSION = YES;
				CLANG_WARN_DEPRECATED_OBJC_IMPLEMENTATIONS = YES;
				CLANG_WARN_DIRECT_OBJC_ISA_USAGE = YES_ERROR;
				CLANG_WARN_DOCUMENTATION_COMMENTS = YES;
				CLANG_WARN_EMPTY_BODY = YES;
				CLANG_WARN_ENUM_CONVERSION = YES;
				CLANG_WARN_INFINITE_RECURSION = YES;
				CLANG_WARN_INT_CONVERSION = YES;
				CLANG_WARN_NON_LITERAL_NULL_CONVERSION = YES;
				CLANG_WARN_OBJC_IMPLICIT_RETAIN_SELF = YES;
				CLANG_WARN_OBJC_LITERAL_CONVERSION = YES;
				CLANG_WARN_OBJC_ROOT_CLASS = YES_ERROR;
				CLANG_WARN_QUOTED_INCLUDE_IN_FRAMEWORK_HEADER = YES;
				CLANG_WARN_RANGE_LOOP_ANALYSIS = YES;
				CLANG_WARN_STRICT_PROTOTYPES = YES;
				CLANG_WARN_SUSPICIOUS_MOVE = YES;
				CLANG_WARN_UNGUARDED_AVAILABILITY = YES_AGGRESSIVE;
				CLANG_WARN_UNREACHABLE_CODE = YES;
				CLANG_WARN__DUPLICATE_METHOD_MATCH = YES;
				COPY_PHASE_STRIP = NO;
				DEBUG_INFORMATION_FORMAT = dwarf;
				ENABLE_STRICT_OBJC_MSGSEND = YES;
				ENABLE_TESTABILITY = YES;
				GCC_C_LANGUAGE_STANDARD = gnu11;
				GCC_DYNAMIC_NO_PIC = NO;
				GCC_NO_COMMON_BLOCKS = YES;
				GCC_OPTIMIZATION_LEVEL = 0;
				GCC_PREPROCESSOR_DEFINITIONS = (
					"DEBUG=1",
					"$(inherited)",
				);
				GCC_WARN_64_TO_32_BIT_CONVERSION = YES;
				GCC_WARN_ABOUT_RETURN_TYPE = YES_ERROR;
				GCC_WARN_UNDECLARED_SELECTOR = YES;
				GCC_WARN_UNINITIALIZED_AUTOS = YES_AGGRESSIVE;
				GCC_WARN_UNUSED_FUNCTION = YES;
				GCC_WARN_UNUSED_VARIABLE = YES;
				IPHONEOS_DEPLOYMENT_TARGET = 14.3;
				MTL_ENABLE_DEBUG_INFO = INCLUDE_SOURCE;
				MTL_FAST_MATH = YES;
				ONLY_ACTIVE_ARCH = YES;
				SDKROOT = iphoneos;
				SWIFT_ACTIVE_COMPILATION_CONDITIONS = DEBUG;
				SWIFT_OPTIMIZATION_LEVEL = "-Onone";
			};
			name = Debug;
		};
		4E660B5B2B432A7A00E6A124 /* Release */ = {
			isa = XCBuildConfiguration;
			buildSettings = {
				ALWAYS_SEARCH_USER_PATHS = NO;
				CLANG_ANALYZER_NONNULL = YES;
				CLANG_ANALYZER_NUMBER_OBJECT_CONVERSION = YES_AGGRESSIVE;
				CLANG_CXX_LANGUAGE_STANDARD = "gnu++14";
				CLANG_CXX_LIBRARY = "libc++";
				CLANG_ENABLE_MODULES = YES;
				CLANG_ENABLE_OBJC_ARC = YES;
				CLANG_ENABLE_OBJC_WEAK = YES;
				CLANG_WARN_BLOCK_CAPTURE_AUTORELEASING = YES;
				CLANG_WARN_BOOL_CONVERSION = YES;
				CLANG_WARN_COMMA = YES;
				CLANG_WARN_CONSTANT_CONVERSION = YES;
				CLANG_WARN_DEPRECATED_OBJC_IMPLEMENTATIONS = YES;
				CLANG_WARN_DIRECT_OBJC_ISA_USAGE = YES_ERROR;
				CLANG_WARN_DOCUMENTATION_COMMENTS = YES;
				CLANG_WARN_EMPTY_BODY = YES;
				CLANG_WARN_ENUM_CONVERSION = YES;
				CLANG_WARN_INFINITE_RECURSION = YES;
				CLANG_WARN_INT_CONVERSION = YES;
				CLANG_WARN_NON_LITERAL_NULL_CONVERSION = YES;
				CLANG_WARN_OBJC_IMPLICIT_RETAIN_SELF = YES;
				CLANG_WARN_OBJC_LITERAL_CONVERSION = YES;
				CLANG_WARN_OBJC_ROOT_CLASS = YES_ERROR;
				CLANG_WARN_QUOTED_INCLUDE_IN_FRAMEWORK_HEADER = YES;
				CLANG_WARN_RANGE_LOOP_ANALYSIS = YES;
				CLANG_WARN_STRICT_PROTOTYPES = YES;
				CLANG_WARN_SUSPICIOUS_MOVE = YES;
				CLANG_WARN_UNGUARDED_AVAILABILITY = YES_AGGRESSIVE;
				CLANG_WARN_UNREACHABLE_CODE = YES;
				CLANG_WARN__DUPLICATE_METHOD_MATCH = YES;
				COPY_PHASE_STRIP = NO;
				DEBUG_INFORMATION_FORMAT = "dwarf-with-dsym";
				ENABLE_NS_ASSERTIONS = NO;
				ENABLE_STRICT_OBJC_MSGSEND = YES;
				GCC_C_LANGUAGE_STANDARD = gnu11;
				GCC_NO_COMMON_BLOCKS = YES;
				GCC_WARN_64_TO_32_BIT_CONVERSION = YES;
				GCC_WARN_ABOUT_RETURN_TYPE = YES_ERROR;
				GCC_WARN_UNDECLARED_SELECTOR = YES;
				GCC_WARN_UNINITIALIZED_AUTOS = YES_AGGRESSIVE;
				GCC_WARN_UNUSED_FUNCTION = YES;
				GCC_WARN_UNUSED_VARIABLE = YES;
				IPHONEOS_DEPLOYMENT_TARGET = 14.3;
				MTL_ENABLE_DEBUG_INFO = NO;
				MTL_FAST_MATH = YES;
				SDKROOT = iphoneos;
				SWIFT_COMPILATION_MODE = wholemodule;
				SWIFT_OPTIMIZATION_LEVEL = "-O";
				VALIDATE_PRODUCT = YES;
			};
			name = Release;
		};
		4E660B5D2B432A7A00E6A124 /* Debug */ = {
			isa = XCBuildConfiguration;
			buildSettings = {
				ASSETCATALOG_COMPILER_APPICON_NAME = AppIcon;
				ASSETCATALOG_COMPILER_GLOBAL_ACCENT_COLOR_NAME = AccentColor;
				CODE_SIGN_STYLE = Automatic;
				INFOPLIST_FILE = "CollectionView Vertically/Info.plist";
				LD_RUNPATH_SEARCH_PATHS = (
					"$(inherited)",
					"@executable_path/Frameworks",
				);
				PRODUCT_BUNDLE_IDENTIFIER = "com.alhamdhulillah.CollectionView-Vertically";
				PRODUCT_NAME = "$(TARGET_NAME)";
				SWIFT_VERSION = 5.0;
				TARGETED_DEVICE_FAMILY = "1,2";
			};
			name = Debug;
		};
		4E660B5E2B432A7A00E6A124 /* Release */ = {
			isa = XCBuildConfiguration;
			buildSettings = {
				ASSETCATALOG_COMPILER_APPICON_NAME = AppIcon;
				ASSETCATALOG_COMPILER_GLOBAL_ACCENT_COLOR_NAME = AccentColor;
				CODE_SIGN_STYLE = Automatic;
				INFOPLIST_FILE = "CollectionView Vertically/Info.plist";
				LD_RUNPATH_SEARCH_PATHS = (
					"$(inherited)",
					"@executable_path/Frameworks",
				);
				PRODUCT_BUNDLE_IDENTIFIER = "com.alhamdhulillah.CollectionView-Vertically";
				PRODUCT_NAME = "$(TARGET_NAME)";
				SWIFT_VERSION = 5.0;
				TARGETED_DEVICE_FAMILY = "1,2";
			};
			name = Release;
		};
		4E660B602B432A7A00E6A124 /* Debug */ = {
			isa = XCBuildConfiguration;
			buildSettings = {
				ALWAYS_EMBED_SWIFT_STANDARD_LIBRARIES = YES;
				BUNDLE_LOADER = "$(TEST_HOST)";
				CODE_SIGN_STYLE = Automatic;
				INFOPLIST_FILE = "CollectionView VerticallyTests/Info.plist";
				IPHONEOS_DEPLOYMENT_TARGET = 14.3;
				LD_RUNPATH_SEARCH_PATHS = (
					"$(inherited)",
					"@executable_path/Frameworks",
					"@loader_path/Frameworks",
				);
				PRODUCT_BUNDLE_IDENTIFIER = "com.alhamdhulillah.CollectionView-VerticallyTests";
				PRODUCT_NAME = "$(TARGET_NAME)";
				SWIFT_VERSION = 5.0;
				TARGETED_DEVICE_FAMILY = "1,2";
				TEST_HOST = "$(BUILT_PRODUCTS_DIR)/CollectionView Vertically.app/CollectionView Vertically";
			};
			name = Debug;
		};
		4E660B612B432A7A00E6A124 /* Release */ = {
			isa = XCBuildConfiguration;
			buildSettings = {
				ALWAYS_EMBED_SWIFT_STANDARD_LIBRARIES = YES;
				BUNDLE_LOADER = "$(TEST_HOST)";
				CODE_SIGN_STYLE = Automatic;
				INFOPLIST_FILE = "CollectionView VerticallyTests/Info.plist";
				IPHONEOS_DEPLOYMENT_TARGET = 14.3;
				LD_RUNPATH_SEARCH_PATHS = (
					"$(inherited)",
					"@executable_path/Frameworks",
					"@loader_path/Frameworks",
				);
				PRODUCT_BUNDLE_IDENTIFIER = "com.alhamdhulillah.CollectionView-VerticallyTests";
				PRODUCT_NAME = "$(TARGET_NAME)";
				SWIFT_VERSION = 5.0;
				TARGETED_DEVICE_FAMILY = "1,2";
				TEST_HOST = "$(BUILT_PRODUCTS_DIR)/CollectionView Vertically.app/CollectionView Vertically";
			};
			name = Release;
		};
		4E660B632B432A7A00E6A124 /* Debug */ = {
			isa = XCBuildConfiguration;
			buildSettings = {
				ALWAYS_EMBED_SWIFT_STANDARD_LIBRARIES = YES;
				CODE_SIGN_STYLE = Automatic;
				INFOPLIST_FILE = "CollectionView VerticallyUITests/Info.plist";
				LD_RUNPATH_SEARCH_PATHS = (
					"$(inherited)",
					"@executable_path/Frameworks",
					"@loader_path/Frameworks",
				);
				PRODUCT_BUNDLE_IDENTIFIER = "com.alhamdhulillah.CollectionView-VerticallyUITests";
				PRODUCT_NAME = "$(TARGET_NAME)";
				SWIFT_VERSION = 5.0;
				TARGETED_DEVICE_FAMILY = "1,2";
				TEST_TARGET_NAME = "CollectionView Vertically";
			};
			name = Debug;
		};
		4E660B642B432A7A00E6A124 /* Release */ = {
			isa = XCBuildConfiguration;
			buildSettings = {
				ALWAYS_EMBED_SWIFT_STANDARD_LIBRARIES = YES;
				CODE_SIGN_STYLE = Automatic;
				INFOPLIST_FILE = "CollectionView VerticallyUITests/Info.plist";
				LD_RUNPATH_SEARCH_PATHS = (
					"$(inherited)",
					"@executable_path/Frameworks",
					"@loader_path/Frameworks",
				);
				PRODUCT_BUNDLE_IDENTIFIER = "com.alhamdhulillah.CollectionView-VerticallyUITests";
				PRODUCT_NAME = "$(TARGET_NAME)";
				SWIFT_VERSION = 5.0;
				TARGETED_DEVICE_FAMILY = "1,2";
				TEST_TARGET_NAME = "CollectionView Vertically";
			};
			name = Release;
		};
/* End XCBuildConfiguration section */

/* Begin XCConfigurationList section */
		4E660B2D2B432A6F00E6A124 /* Build configuration list for PBXProject "CollectionView Vertically" */ = {
			isa = XCConfigurationList;
			buildConfigurations = (
				4E660B5A2B432A7A00E6A124 /* Debug */,
				4E660B5B2B432A7A00E6A124 /* Release */,
			);
			defaultConfigurationIsVisible = 0;
			defaultConfigurationName = Release;
		};
		4E660B5C2B432A7A00E6A124 /* Build configuration list for PBXNativeTarget "CollectionView Vertically" */ = {
			isa = XCConfigurationList;
			buildConfigurations = (
				4E660B5D2B432A7A00E6A124 /* Debug */,
				4E660B5E2B432A7A00E6A124 /* Release */,
			);
			defaultConfigurationIsVisible = 0;
			defaultConfigurationName = Release;
		};
		4E660B5F2B432A7A00E6A124 /* Build configuration list for PBXNativeTarget "CollectionView VerticallyTests" */ = {
			isa = XCConfigurationList;
			buildConfigurations = (
				4E660B602B432A7A00E6A124 /* Debug */,
				4E660B612B432A7A00E6A124 /* Release */,
			);
			defaultConfigurationIsVisible = 0;
			defaultConfigurationName = Release;
		};
		4E660B622B432A7A00E6A124 /* Build configuration list for PBXNativeTarget "CollectionView VerticallyUITests" */ = {
			isa = XCConfigurationList;
			buildConfigurations = (
				4E660B632B432A7A00E6A124 /* Debug */,
				4E660B642B432A7A00E6A124 /* Release */,
			);
			defaultConfigurationIsVisible = 0;
			defaultConfigurationName = Release;
		};
/* End XCConfigurationList section */
	};
	rootObject = 4E660B2A2B432A6F00E6A124 /* Project object */;
}
